
Microsoft Visual Studio Solution File, Format Version 12.00
# Visual Studio Version 17
VisualStudioVersion = 17.0.31903.59
MinimumVisualStudioVersion = 10.0.40219.1
Project("{2150E333-8FDC-42A3-9474-1A3956D46DE8}") = "src", "src", "{827E0CD3-B72D-47B6-A68D-7590B98EB39B}"
EndProject
Project("{FAE04EC0-301F-11D3-BF4B-00C04F79EFBC}") = "DynamicCrawler.Core", "src\DynamicCrawler.Core\DynamicCrawler.Core.csproj", "{170A0D3C-C813-4549-A6A9-FFB5344D83A9}"
EndProject
Project("{FAE04EC0-301F-11D3-BF4B-00C04F79EFBC}") = "DynamicCrawler.Data.Supabase", "src\DynamicCrawler.Data.Supabase\DynamicCrawler.Data.Supabase.csproj", "{1C26E1AB-52B9-4A9A-A195-07FDCCE45573}"
EndProject
Project("{FAE04EC0-301F-11D3-BF4B-00C04F79EFBC}") = "DynamicCrawler.Engine", "src\DynamicCrawler.Engine\DynamicCrawler.Engine.csproj", "{D7DC4BA1-ABEA-4050-9E66-F6AB899BFBB0}"
EndProject
Project("{FAE04EC0-301F-11D3-BF4B-00C04F79EFBC}") = "DynamicCrawler.Downloader", "src\DynamicCrawler.Downloader\DynamicCrawler.Downloader.csproj", "{5C787956-4515-4E81-A24E-2900DAB357F9}"
EndProject
Project("{FAE04EC0-301F-11D3-BF4B-00C04F79EFBC}") = "DynamicCrawler.Orchestrator", "src\DynamicCrawler.Orchestrator\DynamicCrawler.Orchestrator.csproj", "{7400781F-DCA7-4344-AEFA-2C576889B16F}"
EndProject
Project("{FAE04EC0-301F-11D3-BF4B-00C04F79EFBC}") = "DynamicCrawler.Worker", "src\DynamicCrawler.Worker\DynamicCrawler.Worker.csproj", "{3B216A4F-DE68-4FBC-920B-129DCECCA7DC}"
EndProject
Project("{2150E333-8FDC-42A3-9474-1A3956D46DE8}") = "Sites", "Sites", "{C28FB791-0CE9-561C-1046-018A99436D65}"
EndProject
Project("{FAE04EC0-301F-11D3-BF4B-00C04F79EFBC}") = "DynamicCrawler.Sites.Aagag", "src\Sites\DynamicCrawler.Sites.Aagag\DynamicCrawler.Sites.Aagag.csproj", "{C876F504-EAE9-481B-BA8A-2E70141F38E6}"
EndProject
Project("{2150E333-8FDC-42A3-9474-1A3956D46DE8}") = "tests", "tests", "{0AB3BF05-4346-4AA6-1389-037BE0695223}"
EndProject
Project("{FAE04EC0-301F-11D3-BF4B-00C04F79EFBC}") = "DynamicCrawler.Tests", "tests\DynamicCrawler.Tests\DynamicCrawler.Tests.csproj", "{E2D94593-1E42-4BEC-A00B-EBDDEDB36E1B}"
EndProject
Global
	GlobalSection(SolutionConfigurationPlatforms) = preSolution
		Debug|Any CPU = Debug|Any CPU
		Debug|x64 = Debug|x64
		Debug|x86 = Debug|x86
		Release|Any CPU = Release|Any CPU
		Release|x64 = Release|x64
		Release|x86 = Release|x86
	EndGlobalSection
	GlobalSection(ProjectConfigurationPlatforms) = postSolution
		{170A0D3C-C813-4549-A6A9-FFB5344D83A9}.Debug|Any CPU.ActiveCfg = Debug|Any CPU
		{170A0D3C-C813-4549-A6A9-FFB5344D83A9}.Debug|Any CPU.Build.0 = Debug|Any CPU
		{170A0D3C-C813-4549-A6A9-FFB5344D83A9}.Debug|x64.ActiveCfg = Debug|Any CPU
		{170A0D3C-C813-4549-A6A9-FFB5344D83A9}.Debug|x64.Build.0 = Debug|Any CPU
		{170A0D3C-C813-4549-A6A9-FFB5344D83A9}.Debug|x86.ActiveCfg = Debug|Any CPU
		{170A0D3C-C813-4549-A6A9-FFB5344D83A9}.Debug|x86.Build.0 = Debug|Any CPU
		{170A0D3C-C813-4549-A6A9-FFB5344D83A9}.Release|Any CPU.ActiveCfg = Release|Any CPU
		{170A0D3C-C813-4549-A6A9-FFB5344D83A9}.Release|Any CPU.Build.0 = Release|Any CPU
		{170A0D3C-C813-4549-A6A9-FFB5344D83A9}.Release|x64.ActiveCfg = Release|Any CPU
		{170A0D3C-C813-4549-A6A9-FFB5344D83A9}.Release|x64.Build.0 = Release|Any CPU
		{170A0D3C-C813-4549-A6A9-FFB5344D83A9}.Release|x86.ActiveCfg = Release|Any CPU
		{170A0D3C-C813-4549-A6A9-FFB5344D83A9}.Release|x86.Build.0 = Release|Any CPU
		{1C26E1AB-52B9-4A9A-A195-07FDCCE45573}.Debug|Any CPU.ActiveCfg = Debug|Any CPU
		{1C26E1AB-52B9-4A9A-A195-07FDCCE45573}.Debug|Any CPU.Build.0 = Debug|Any CPU
		{1C26E1AB-52B9-4A9A-A195-07FDCCE45573}.Debug|x64.ActiveCfg = Debug|Any CPU
		{1C26E1AB-52B9-4A9A-A195-07FDCCE45573}.Debug|x64.Build.0 = Debug|Any CPU
		{1C26E1AB-52B9-4A9A-A195-07FDCCE45573}.Debug|x86.ActiveCfg = Debug|Any CPU
		{1C26E1AB-52B9-4A9A-A195-07FDCCE45573}.Debug|x86.Build.0 = Debug|Any CPU
		{1C26E1AB-52B9-4A9A-A195-07FDCCE45573}.Release|Any CPU.ActiveCfg = Release|Any CPU
		{1C26E1AB-52B9-4A9A-A195-07FDCCE45573}.Release|Any CPU.Build.0 = Release|Any CPU
		{1C26E1AB-52B9-4A9A-A195-07FDCCE45573}.Release|x64.ActiveCfg = Release|Any CPU
		{1C26E1AB-52B9-4A9A-A195-07FDCCE45573}.Release|x64.Build.0 = Release|Any CPU
		{1C26E1AB-52B9-4A9A-A195-07FDCCE45573}.Release|x86.ActiveCfg = Release|Any CPU
		{1C26E1AB-52B9-4A9A-A195-07FDCCE45573}.Release|x86.Build.0 = Release|Any CPU
		{D7DC4BA1-ABEA-4050-9E66-F6AB899BFBB0}.Debug|Any CPU.ActiveCfg = Debug|Any CPU
		{D7DC4BA1-ABEA-4050-9E66-F6AB899BFBB0}.Debug|Any CPU.Build.0 = Debug|Any CPU
		{D7DC4BA1-ABEA-4050-9E66-F6AB899BFBB0}.Debug|x64.ActiveCfg = Debug|Any CPU
		{D7DC4BA1-ABEA-4050-9E66-F6AB899BFBB0}.Debug|x64.Build.0 = Debug|Any CPU
		{D7DC4BA1-ABEA-4050-9E66-F6AB899BFBB0}.Debug|x86.ActiveCfg = Debug|Any CPU
		{D7DC4BA1-ABEA-4050-9E66-F6AB899BFBB0}.Debug|x86.Build.0 = Debug|Any CPU
		{D7DC4BA1-ABEA-4050-9E66-F6AB899BFBB0}.Release|Any CPU.ActiveCfg = Release|Any CPU
		{D7DC4BA1-ABEA-4050-9E66-F6AB899BFBB0}.Release|Any CPU.Build.0 = Release|Any CPU
		{D7DC4BA1-ABEA-4050-9E66-F6AB899BFBB0}.Release|x64.ActiveCfg = Release|Any CPU
		{D7DC4BA1-ABEA-4050-9E66-F6AB899BFBB0}.Release|x64.Build.0 = Release|Any CPU
		{D7DC4BA1-ABEA-4050-9E66-F6AB899BFBB0}.Release|x86.ActiveCfg = Release|Any CPU
		{D7DC4BA1-ABEA-4050-9E66-F6AB899BFBB0}.Release|x86.Build.0 = Release|Any CPU
		{5C787956-4515-4E81-A24E-2900DAB357F9}.Debug|Any CPU.ActiveCfg = Debug|Any CPU
		{5C787956-4515-4E81-A24E-2900DAB357F9}.Debug|Any CPU.Build.0 = Debug|Any CPU
		{5C787956-4515-4E81-A24E-2900DAB357F9}.Debug|x64.ActiveCfg = Debug|Any CPU
		{5C787956-4515-4E81-A24E-2900DAB357F9}.Debug|x64.Build.0 = Debug|Any CPU
		{5C787956-4515-4E81-A24E-2900DAB357F9}.Debug|x86.ActiveCfg = Debug|Any CPU
		{5C787956-4515-4E81-A24E-2900DAB357F9}.Debug|x86.Build.0 = Debug|Any CPU
		{5C787956-4515-4E81-A24E-2900DAB357F9}.Release|Any CPU.ActiveCfg = Release|Any CPU
		{5C787956-4515-4E81-A24E-2900DAB357F9}.Release|Any CPU.Build.0 = Release|Any CPU
		{5C787956-4515-4E81-A24E-2900DAB357F9}.Release|x64.ActiveCfg = Release|Any CPU
		{5C787956-4515-4E81-A24E-2900DAB357F9}.Release|x64.Build.0 = Release|Any CPU
		{5C787956-4515-4E81-A24E-2900DAB357F9}.Release|x86.ActiveCfg = Release|Any CPU
		{5C787956-4515-4E81-A24E-2900DAB357F9}.Release|x86.Build.0 = Release|Any CPU
		{7400781F-DCA7-4344-AEFA-2C576889B16F}.Debug|Any CPU.ActiveCfg = Debug|Any CPU
		{7400781F-DCA7-4344-AEFA-2C576889B16F}.Debug|Any CPU.Build.0 = Debug|Any CPU
		{7400781F-DCA7-4344-AEFA-2C576889B16F}.Debug|x64.ActiveCfg = Debug|Any CPU
		{7400781F-DCA7-4344-AEFA-2C576889B16F}.Debug|x64.Build.0 = Debug|Any CPU
		{7400781F-DCA7-4344-AEFA-2C576889B16F}.Debug|x86.ActiveCfg = Debug|Any CPU
		{7400781F-DCA7-4344-AEFA-2C576889B16F}.Debug|x86.Build.0 = Debug|Any CPU
		{7400781F-DCA7-4344-AEFA-2C576889B16F}.Release|Any CPU.ActiveCfg = Release|Any CPU
		{7400781F-DCA7-4344-AEFA-2C576889B16F}.Release|Any CPU.Build.0 = Release|Any CPU
		{7400781F-DCA7-4344-AEFA-2C576889B16F}.Release|x64.ActiveCfg = Release|Any CPU
		{7400781F-DCA7-4344-AEFA-2C576889B16F}.Release|x64.Build.0 = Release|Any CPU
		{7400781F-DCA7-4344-AEFA-2C576889B16F}.Release|x86.ActiveCfg = Release|Any CPU
		{7400781F-DCA7-4344-AEFA-2C576889B16F}.Release|x86.Build.0 = Release|Any CPU
		{3B216A4F-DE68-4FBC-920B-129DCECCA7DC}.Debug|Any CPU.ActiveCfg = Debug|Any CPU
		{3B216A4F-DE68-4FBC-920B-129DCECCA7DC}.Debug|Any CPU.Build.0 = Debug|Any CPU
		{3B216A4F-DE68-4FBC-920B-129DCECCA7DC}.Debug|x64.ActiveCfg = Debug|Any CPU
		{3B216A4F-DE68-4FBC-920B-129DCECCA7DC}.Debug|x64.Build.0 = Debug|Any CPU
		{3B216A4F-DE68-4FBC-920B-129DCECCA7DC}.Debug|x86.ActiveCfg = Debug|Any CPU
		{3B216A4F-DE68-4FBC-920B-129DCECCA7DC}.Debug|x86.Build.0 = Debug|Any CPU
		{3B216A4F-DE68-4FBC-920B-129DCECCA7DC}.Release|Any CPU.ActiveCfg = Release|Any CPU
		{3B216A4F-DE68-4FBC-920B-129DCECCA7DC}.Release|Any CPU.Build.0 = Release|Any CPU
		{3B216A4F-DE68-4FBC-920B-129DCECCA7DC}.Release|x64.ActiveCfg = Release|Any CPU
		{3B216A4F-DE68-4FBC-920B-129DCECCA7DC}.Release|x64.Build.0 = Release|Any CPU
		{3B216A4F-DE68-4FBC-920B-129DCECCA7DC}.Release|x86.ActiveCfg = Release|Any CPU
		{3B216A4F-DE68-4FBC-920B-129DCECCA7DC}.Release|x86.Build.0 = Release|Any CPU
		{C876F504-EAE9-481B-BA8A-2E70141F38E6}.Debug|Any CPU.ActiveCfg = Debug|Any CPU
		{C876F504-EAE9-481B-BA8A-2E70141F38E6}.Debug|Any CPU.Build.0 = Debug|Any CPU
		{C876F504-EAE9-481B-BA8A-2E70141F38E6}.Debug|x64.ActiveCfg = Debug|Any CPU
		{C876F504-EAE9-481B-BA8A-2E70141F38E6}.Debug|x64.Build.0 = Debug|Any CPU
		{C876F504-EAE9-481B-BA8A-2E70141F38E6}.Debug|x86.ActiveCfg = Debug|Any CPU
		{C876F504-EAE9-481B-BA8A-2E70141F38E6}.Debug|x86.Build.0 = Debug|Any CPU
		{C876F504-EAE9-481B-BA8A-2E70141F38E6}.Release|Any CPU.ActiveCfg = Release|Any CPU
		{C876F504-EAE9-481B-BA8A-2E70141F38E6}.Release|Any CPU.Build.0 = Release|Any CPU
		{C876F504-EAE9-481B-BA8A-2E70141F38E6}.Release|x64.ActiveCfg = Release|Any CPU
		{C876F504-EAE9-481B-BA8A-2E70141F38E6}.Release|x64.Build.0 = Release|Any CPU
		{C876F504-EAE9-481B-BA8A-2E70141F38E6}.Release|x86.ActiveCfg = Release|Any CPU
		{C876F504-EAE9-481B-BA8A-2E70141F38E6}.Release|x86.Build.0 = Release|Any CPU
		{E2D94593-1E42-4BEC-A00B-EBDDEDB36E1B}.Debug|Any CPU.ActiveCfg = Debug|Any CPU
		{E2D94593-1E42-4BEC-A00B-EBDDEDB36E1B}.Debug|Any CPU.Build.0 = Debug|Any CPU
		{E2D94593-1E42-4BEC-A00B-EBDDEDB36E1B}.Debug|x64.ActiveCfg = Debug|Any CPU
		{E2D94593-1E42-4BEC-A00B-EBDDEDB36E1B}.Debug|x64.Build.0 = Debug|Any CPU
		{E2D94593-1E42-4BEC-A00B-EBDDEDB36E1B}.Debug|x86.ActiveCfg = Debug|Any CPU
		{E2D94593-1E42-4BEC-A00B-EBDDEDB36E1B}.Debug|x86.Build.0 = Debug|Any CPU
		{E2D94593-1E42-4BEC-A00B-EBDDEDB36E1B}.Release|Any CPU.ActiveCfg = Release|Any CPU
		{E2D94593-1E42-4BEC-A00B-EBDDEDB36E1B}.Release|Any CPU.Build.0 = Release|Any CPU
		{E2D94593-1E42-4BEC-A00B-EBDDEDB36E1B}.Release|x64.ActiveCfg = Release|Any CPU
		{E2D94593-1E42-4BEC-A00B-EBDDEDB36E1B}.Release|x64.Build.0 = Release|Any CPU
		{E2D94593-1E42-4BEC-A00B-EBDDEDB36E1B}.Release|x86.ActiveCfg = Release|Any CPU
		{E2D94593-1E42-4BEC-A00B-EBDDEDB36E1B}.Release|x86.Build.0 = Release|Any CPU
	EndGlobalSection
	GlobalSection(SolutionProperties) = preSolution
		HideSolutionNode = FALSE
	EndGlobalSection
	GlobalSection(NestedProjects) = preSolution
		{170A0D3C-C813-4549-A6A9-FFB5344D83A9} = {827E0CD3-B72D-47B6-A68D-7590B98EB39B}
		{1C26E1AB-52B9-4A9A-A195-07FDCCE45573} = {827E0CD3-B72D-47B6-A68D-7590B98EB39B}
		{D7DC4BA1-ABEA-4050-9E66-F6AB899BFBB0} = {827E0CD3-B72D-47B6-A68D-7590B98EB39B}
		{5C787956-4515-4E81-A24E-2900DAB357F9} = {827E0CD3-B72D-47B6-A68D-7590B98EB39B}
		{7400781F-DCA7-4344-AEFA-2C576889B16F} = {827E0CD3-B72D-47B6-A68D-7590B98EB39B}
		{3B216A4F-DE68-4FBC-920B-129DCECCA7DC} = {827E0CD3-B72D-47B6-A68D-7590B98EB39B}
		{C28FB791-0CE9-561C-1046-018A99436D65} = {827E0CD3-B72D-47B6-A68D-7590B98EB39B}
		{C876F504-EAE9-481B-BA8A-2E70141F38E6} = {C28FB791-0CE9-561C-1046-018A99436D65}
		{E2D94593-1E42-4BEC-A00B-EBDDEDB36E1B} = {0AB3BF05-4346-4AA6-1389-037BE0695223}
	EndGlobalSection
EndGlobal
